
Microsoft Visual Studio Solution File, Format Version 12.00
# Visual Studio 15
VisualStudioVersion = 15.0.26206.0
MinimumVisualStudioVersion = 10.0.40219.1
Project("{9A19103F-16F7-4668-BE54-9A1E7A4F7556}") = "Database Lib", "Database Lib\Database Lib.csproj", "{8766DFC8-A088-45E1-BE65-E39DF9A4EF15}"
EndProject
Project("{9A19103F-16F7-4668-BE54-9A1E7A4F7556}") = "APIHandler", "APIHandler\APIHandler.csproj", "{3B868BC1-64BC-4E4B-821A-DE368B0CA515}"
EndProject
Global
	GlobalSection(SolutionConfigurationPlatforms) = preSolution
		Debug|Any CPU = Debug|Any CPU
		Debug|x64 = Debug|x64
		Debug|x86 = Debug|x86
		Release|Any CPU = Release|Any CPU
		Release|x64 = Release|x64
		Release|x86 = Release|x86
	EndGlobalSection
	GlobalSection(ProjectConfigurationPlatforms) = postSolution
		{8766DFC8-A088-45E1-BE65-E39DF9A4EF15}.Debug|Any CPU.ActiveCfg = Debug|Any CPU
		{8766DFC8-A088-45E1-BE65-E39DF9A4EF15}.Debug|Any CPU.Build.0 = Debug|Any CPU
		{8766DFC8-A088-45E1-BE65-E39DF9A4EF15}.Debug|x64.ActiveCfg = Debug|x64
		{8766DFC8-A088-45E1-BE65-E39DF9A4EF15}.Debug|x64.Build.0 = Debug|x64
		{8766DFC8-A088-45E1-BE65-E39DF9A4EF15}.Debug|x86.ActiveCfg = Debug|x86
		{8766DFC8-A088-45E1-BE65-E39DF9A4EF15}.Debug|x86.Build.0 = Debug|x86
		{8766DFC8-A088-45E1-BE65-E39DF9A4EF15}.Release|Any CPU.ActiveCfg = Release|Any CPU
		{8766DFC8-A088-45E1-BE65-E39DF9A4EF15}.Release|Any CPU.Build.0 = Release|Any CPU
		{8766DFC8-A088-45E1-BE65-E39DF9A4EF15}.Release|x64.ActiveCfg = Release|x64
		{8766DFC8-A088-45E1-BE65-E39DF9A4EF15}.Release|x64.Build.0 = Release|x64
		{8766DFC8-A088-45E1-BE65-E39DF9A4EF15}.Release|x86.ActiveCfg = Release|x86
		{8766DFC8-A088-45E1-BE65-E39DF9A4EF15}.Release|x86.Build.0 = Release|x86
		{3B868BC1-64BC-4E4B-821A-DE368B0CA515}.Debug|Any CPU.ActiveCfg = Debug|Any CPU
		{3B868BC1-64BC-4E4B-821A-DE368B0CA515}.Debug|Any CPU.Build.0 = Debug|Any CPU
		{3B868BC1-64BC-4E4B-821A-DE368B0CA515}.Debug|x64.ActiveCfg = Debug|x64
		{3B868BC1-64BC-4E4B-821A-DE368B0CA515}.Debug|x64.Build.0 = Debug|x64
		{3B868BC1-64BC-4E4B-821A-DE368B0CA515}.Debug|x86.ActiveCfg = Debug|x86
		{3B868BC1-64BC-4E4B-821A-DE368B0CA515}.Debug|x86.Build.0 = Debug|x86
		{3B868BC1-64BC-4E4B-821A-DE368B0CA515}.Release|Any CPU.ActiveCfg = Release|Any CPU
		{3B868BC1-64BC-4E4B-821A-DE368B0CA515}.Release|Any CPU.Build.0 = Release|Any CPU
		{3B868BC1-64BC-4E4B-821A-DE368B0CA515}.Release|x64.ActiveCfg = Release|x64
		{3B868BC1-64BC-4E4B-821A-DE368B0CA515}.Release|x64.Build.0 = Release|x64
		{3B868BC1-64BC-4E4B-821A-DE368B0CA515}.Release|x86.ActiveCfg = Release|x86
		{3B868BC1-64BC-4E4B-821A-DE368B0CA515}.Release|x86.Build.0 = Release|x86
	EndGlobalSection
	GlobalSection(SolutionProperties) = preSolution
		HideSolutionNode = FALSE
	EndGlobalSection
EndGlobal
